
Microsoft Visual Studio Solution File, Format Version 12.00
# Visual Studio Version 17
VisualStudioVersion = 17.14.36121.58 d17.14
MinimumVisualStudioVersion = 10.0.40219.1
Project("{FAE04EC0-301F-11D3-BF4B-00C04F79EFBC}") = "tech-store-api", "tech-store-api\tech-store-api.csproj", "{15CD735D-C7FE-452B-BA4A-506D2659C82A}"
EndProject
Global
	GlobalSection(SolutionConfigurationPlatforms) = preSolution
		Debug|Any CPU = Debug|Any CPU
		Release|Any CPU = Release|Any CPU
	EndGlobalSection
	GlobalSection(ProjectConfigurationPlatforms) = postSolution
		{15CD735D-C7FE-452B-BA4A-506D2659C82A}.Debug|Any CPU.ActiveCfg = Debug|Any CPU
		{15CD735D-C7FE-452B-BA4A-506D2659C82A}.Debug|Any CPU.Build.0 = Debug|Any CPU
		{15CD735D-C7FE-452B-BA4A-506D2659C82A}.Release|Any CPU.ActiveCfg = Release|Any CPU
		{15CD735D-C7FE-452B-BA4A-506D2659C82A}.Release|Any CPU.Build.0 = Release|Any CPU
	EndGlobalSection
	GlobalSection(SolutionProperties) = preSolution
		HideSolutionNode = FALSE
	EndGlobalSection
	GlobalSection(ExtensibilityGlobals) = postSolution
		SolutionGuid = {F3AEDF2D-7B6D-40E6-A952-DF588C2C4DB6}
	EndGlobalSection
EndGlobal
